
Microsoft Visual Studio Solution File, Format Version 12.00
# Visual Studio Version 16
VisualStudioVersion = 16.0.29509.3
MinimumVisualStudioVersion = 10.0.40219.1
Project("{9A19103F-16F7-4668-BE54-9A1E7A4F7556}") = "01_SyntaxTreeParser", "01_SyntaxTreeParser\01_SyntaxTreeParser.csproj", "{82B74838-C83A-4B3E-BDB0-A68C0A236247}"
EndProject
Project("{9A19103F-16F7-4668-BE54-9A1E7A4F7556}") = "02_SyntaxWalker", "02_SyntaxWalker\02_SyntaxWalker.csproj", "{7BA3699B-1EF5-4EBC-A727-73102585E7FB}"
EndProject
Project("{9A19103F-16F7-4668-BE54-9A1E7A4F7556}") = "03_SemanticModelParser", "03_SemanticModelParser\03_SemanticModelParser.csproj", "{512358DF-E205-46FA-9300-6F02AE76EF96}"
EndProject
Project("{9A19103F-16F7-4668-BE54-9A1E7A4F7556}") = "04_TransformationConstructing", "04_TransformationConstructing\04_TransformationConstructing.csproj", "{60439D56-8ED1-4A7B-856C-E312020064F1}"
EndProject
Project("{9A19103F-16F7-4668-BE54-9A1E7A4F7556}") = "05_SyntaxTreeTransformation", "05_SyntaxTreeTransformation\05_SyntaxTreeTransformation.csproj", "{77034385-0CCC-490D-AEDB-6F59E9B07D5F}"
EndProject
Project("{FAE04EC0-301F-11D3-BF4B-00C04F79EFBC}") = "06_Emit", "06_Emit\06_Emit.csproj", "{9980D497-012B-441A-92AB-9073E6A9C82F}"
EndProject
Global
	GlobalSection(SolutionConfigurationPlatforms) = preSolution
		Debug|Any CPU = Debug|Any CPU
		Release|Any CPU = Release|Any CPU
	EndGlobalSection
	GlobalSection(ProjectConfigurationPlatforms) = postSolution
		{82B74838-C83A-4B3E-BDB0-A68C0A236247}.Debug|Any CPU.ActiveCfg = Debug|Any CPU
		{82B74838-C83A-4B3E-BDB0-A68C0A236247}.Debug|Any CPU.Build.0 = Debug|Any CPU
		{82B74838-C83A-4B3E-BDB0-A68C0A236247}.Release|Any CPU.ActiveCfg = Release|Any CPU
		{82B74838-C83A-4B3E-BDB0-A68C0A236247}.Release|Any CPU.Build.0 = Release|Any CPU
		{7BA3699B-1EF5-4EBC-A727-73102585E7FB}.Debug|Any CPU.ActiveCfg = Debug|Any CPU
		{7BA3699B-1EF5-4EBC-A727-73102585E7FB}.Debug|Any CPU.Build.0 = Debug|Any CPU
		{7BA3699B-1EF5-4EBC-A727-73102585E7FB}.Release|Any CPU.ActiveCfg = Release|Any CPU
		{7BA3699B-1EF5-4EBC-A727-73102585E7FB}.Release|Any CPU.Build.0 = Release|Any CPU
		{512358DF-E205-46FA-9300-6F02AE76EF96}.Debug|Any CPU.ActiveCfg = Debug|Any CPU
		{512358DF-E205-46FA-9300-6F02AE76EF96}.Debug|Any CPU.Build.0 = Debug|Any CPU
		{512358DF-E205-46FA-9300-6F02AE76EF96}.Release|Any CPU.ActiveCfg = Release|Any CPU
		{512358DF-E205-46FA-9300-6F02AE76EF96}.Release|Any CPU.Build.0 = Release|Any CPU
		{60439D56-8ED1-4A7B-856C-E312020064F1}.Debug|Any CPU.ActiveCfg = Debug|Any CPU
		{60439D56-8ED1-4A7B-856C-E312020064F1}.Debug|Any CPU.Build.0 = Debug|Any CPU
		{60439D56-8ED1-4A7B-856C-E312020064F1}.Release|Any CPU.ActiveCfg = Release|Any CPU
		{60439D56-8ED1-4A7B-856C-E312020064F1}.Release|Any CPU.Build.0 = Release|Any CPU
		{77034385-0CCC-490D-AEDB-6F59E9B07D5F}.Debug|Any CPU.ActiveCfg = Debug|Any CPU
		{77034385-0CCC-490D-AEDB-6F59E9B07D5F}.Debug|Any CPU.Build.0 = Debug|Any CPU
		{77034385-0CCC-490D-AEDB-6F59E9B07D5F}.Release|Any CPU.ActiveCfg = Release|Any CPU
		{77034385-0CCC-490D-AEDB-6F59E9B07D5F}.Release|Any CPU.Build.0 = Release|Any CPU
		{9980D497-012B-441A-92AB-9073E6A9C82F}.Debug|Any CPU.ActiveCfg = Debug|Any CPU
		{9980D497-012B-441A-92AB-9073E6A9C82F}.Debug|Any CPU.Build.0 = Debug|Any CPU
		{9980D497-012B-441A-92AB-9073E6A9C82F}.Release|Any CPU.ActiveCfg = Release|Any CPU
		{9980D497-012B-441A-92AB-9073E6A9C82F}.Release|Any CPU.Build.0 = Release|Any CPU
	EndGlobalSection
	GlobalSection(SolutionProperties) = preSolution
		HideSolutionNode = FALSE
	EndGlobalSection
	GlobalSection(ExtensibilityGlobals) = postSolution
		SolutionGuid = {C1F94DEB-EE01-41A8-94E6-65AF4E60C29A}
	EndGlobalSection
EndGlobal
